
Microsoft Visual Studio Solution File, Format Version 12.00
# Visual Studio 2013
VisualStudioVersion = 12.0.31101.0
MinimumVisualStudioVersion = 10.0.40219.1
Project("{FAE04EC0-301F-11D3-BF4B-00C04F79EFBC}") = "TestSequenceGenerator", "TestSequenceGenerator\TestSequenceGenerator.csproj", "{7971650A-DC7E-4926-9292-EAFFDFE72F59}"
EndProject
Project("{FAE04EC0-301F-11D3-BF4B-00C04F79EFBC}") = "SequenceGenerator", "Sequencegenerator\SequenceGenerator.csproj", "{4C442302-231C-4563-BF38-F7F9CF18FB47}"
EndProject
Global
	GlobalSection(SolutionConfigurationPlatforms) = preSolution
		Debug|Any CPU = Debug|Any CPU
		Release|Any CPU = Release|Any CPU
	EndGlobalSection
	GlobalSection(ProjectConfigurationPlatforms) = postSolution
		{7971650A-DC7E-4926-9292-EAFFDFE72F59}.Debug|Any CPU.ActiveCfg = Debug|Any CPU
		{7971650A-DC7E-4926-9292-EAFFDFE72F59}.Debug|Any CPU.Build.0 = Debug|Any CPU
		{7971650A-DC7E-4926-9292-EAFFDFE72F59}.Release|Any CPU.ActiveCfg = Release|Any CPU
		{7971650A-DC7E-4926-9292-EAFFDFE72F59}.Release|Any CPU.Build.0 = Release|Any CPU
		{4C442302-231C-4563-BF38-F7F9CF18FB47}.Debug|Any CPU.ActiveCfg = Debug|Any CPU
		{4C442302-231C-4563-BF38-F7F9CF18FB47}.Debug|Any CPU.Build.0 = Debug|Any CPU
		{4C442302-231C-4563-BF38-F7F9CF18FB47}.Release|Any CPU.ActiveCfg = Release|Any CPU
		{4C442302-231C-4563-BF38-F7F9CF18FB47}.Release|Any CPU.Build.0 = Release|Any CPU
	EndGlobalSection
	GlobalSection(SolutionProperties) = preSolution
		HideSolutionNode = FALSE
	EndGlobalSection
EndGlobal
